
Microsoft Visual Studio Solution File, Format Version 12.00
# Visual Studio Version 16
VisualStudioVersion = 16.0.30225.117
MinimumVisualStudioVersion = 10.0.40219.1
Project("{FAE04EC0-301F-11D3-BF4B-00C04F79EFBC}") = "sodaProject", "sodaProject\sodaProject.csproj", "{49BFA1C4-AD2E-4D0D-AEC7-841C53978D85}"
EndProject
Global
	GlobalSection(SolutionConfigurationPlatforms) = preSolution
		Debug|Any CPU = Debug|Any CPU
		Release|Any CPU = Release|Any CPU
	EndGlobalSection
	GlobalSection(ProjectConfigurationPlatforms) = postSolution
		{49BFA1C4-AD2E-4D0D-AEC7-841C53978D85}.Debug|Any CPU.ActiveCfg = Debug|Any CPU
		{49BFA1C4-AD2E-4D0D-AEC7-841C53978D85}.Debug|Any CPU.Build.0 = Debug|Any CPU
		{49BFA1C4-AD2E-4D0D-AEC7-841C53978D85}.Release|Any CPU.ActiveCfg = Release|Any CPU
		{49BFA1C4-AD2E-4D0D-AEC7-841C53978D85}.Release|Any CPU.Build.0 = Release|Any CPU
	EndGlobalSection
	GlobalSection(SolutionProperties) = preSolution
		HideSolutionNode = FALSE
	EndGlobalSection
	GlobalSection(ExtensibilityGlobals) = postSolution
		SolutionGuid = {EAF4D867-F92F-48AA-AEAA-11FD8DCC5E65}
	EndGlobalSection
EndGlobal
